<?xml version="1.0" encoding="utf-8"?>
<Project ToolsVersion="4.0" xmlns="http://schemas.microsoft.com/developer/msbuild/2003">
  <ItemGroup>
    <ClCompile Include="..\finalproj\src\CacheController.cpp" />
    <ClCompile Include="..\finalproj\src\CacheSimulator.cpp" />
  </ItemGroup>
  <ItemGroup>
    <ClInclude Include="..\finalproj\src\CacheController.h" />
    <ClInclude Include="..\finalproj\src\CacheSimulator.h" />
    <ClInclude Include="..\finalproj\src\CacheStuff.h" />
  </ItemGroup>
  <ItemGroup>
    <Filter Include="Cache Building Blocks">
      <UniqueIdentifier>{5c7cc314-d899-4748-b71b-a990ab632af4}</UniqueIdentifier>
    </Filter>
  </ItemGroup>
</Project>